{
  "name": "@tinycanvas/core",
  "version": "1.0.2",
  "lockfileVersion": 2,
  "requires": true,
  "packages": {
    "": {
      "name": "@tinycanvas/core",
      "version": "1.0.2",
      "license": "MIT",
      "devDependencies": {
        "@esm-bundle/chai": "^4.3.4-fix.0",
        "rollup": "^2.60.1",
        "rollup-plugin-cleanup": "^3.2.1",
        "sinon": "^12.0.1"
      }
    },
    "node_modules/@esm-bundle/chai": {
      "version": "4.3.4-fix.0",
      "resolved": "https://registry.npmjs.org/@esm-bundle/chai/-/chai-4.3.4-fix.0.tgz",
      "integrity": "sha512-26SKdM4uvDWlY8/OOOxSB1AqQWeBosCX3wRYUZO7enTAj03CtVxIiCimYVG2WpULcyV51qapK4qTovwkUr5Mlw==",
      "dev": true,
      "dependencies": {
        "@types/chai": "^4.2.12"
      }
    },
    "node_modules/@sinonjs/commons": {
      "version": "1.8.3",
      "resolved": "https://registry.npmjs.org/@sinonjs/commons/-/commons-1.8.3.tgz",
      "integrity": "sha512-xkNcLAn/wZaX14RPlwizcKicDk9G3F8m2nU3L7Ukm5zBgTwiT0wsoFAHx9Jq56fJA1z/7uKGtCRu16sOUCLIHQ==",
      "dev": true,
      "dependencies": {
        "type-detect": "4.0.8"
      }
    },
    "node_modules/@sinonjs/fake-timers": {
      "version": "8.1.0",
      "resolved": "https://registry.npmjs.org/@sinonjs/fake-timers/-/fake-timers-8.1.0.tgz",
      "integrity": "sha512-OAPJUAtgeINhh/TAlUID4QTs53Njm7xzddaVlEs/SXwgtiD1tW22zAB/W1wdqfrpmikgaWQ9Fw6Ws+hsiRm5Vg==",
      "dev": true,
      "dependencies": {
        "@sinonjs/commons": "^1.7.0"
      }
    },
    "node_modules/@sinonjs/samsam": {
      "version": "6.0.2",
      "resolved": "https://registry.npmjs.org/@sinonjs/samsam/-/samsam-6.0.2.tgz",
      "integrity": "sha512-jxPRPp9n93ci7b8hMfJOFDPRLFYadN6FSpeROFTR4UNF4i5b+EK6m4QXPO46BDhFgRy1JuS87zAnFOzCUwMJcQ==",
      "dev": true,
      "dependencies": {
        "@sinonjs/commons": "^1.6.0",
        "lodash.get": "^4.4.2",
        "type-detect": "^4.0.8"
      }
    },
    "node_modules/@sinonjs/text-encoding": {
      "version": "0.7.1",
      "resolved": "https://registry.npmjs.org/@sinonjs/text-encoding/-/text-encoding-0.7.1.tgz",
      "integrity": "sha512-+iTbntw2IZPb/anVDbypzfQa+ay64MW0Zo8aJ8gZPWMMK6/OubMVb6lUPMagqjOPnmtauXnFCACVl3O7ogjeqQ==",
      "dev": true
    },
    "node_modules/@types/chai": {
      "version": "4.3.0",
      "resolved": "https://registry.npmjs.org/@types/chai/-/chai-4.3.0.tgz",
      "integrity": "sha512-/ceqdqeRraGolFTcfoXNiqjyQhZzbINDngeoAq9GoHa8PPK1yNzTaxWjA6BFWp5Ua9JpXEMSS4s5i9tS0hOJtw==",
      "dev": true
    },
    "node_modules/diff": {
      "version": "5.0.0",
      "resolved": "https://registry.npmjs.org/diff/-/diff-5.0.0.tgz",
      "integrity": "sha512-/VTCrvm5Z0JGty/BWHljh+BAiw3IK+2j87NGMu8Nwc/f48WoDAC395uomO9ZD117ZOBaHmkX1oyLvkVM/aIT3w==",
      "dev": true,
      "engines": {
        "node": ">=0.3.1"
      }
    },
    "node_modules/estree-walker": {
      "version": "0.6.1",
      "resolved": "https://registry.npmjs.org/estree-walker/-/estree-walker-0.6.1.tgz",
      "integrity": "sha512-SqmZANLWS0mnatqbSfRP5g8OXZC12Fgg1IwNtLsyHDzJizORW4khDfjPqJZsemPWBB2uqykUah5YpQ6epsqC/w==",
      "dev": true
    },
    "node_modules/fsevents": {
      "version": "2.3.2",
      "resolved": "https://registry.npmjs.org/fsevents/-/fsevents-2.3.2.tgz",
      "integrity": "sha512-xiqMQR4xAeHTuB9uWm+fFRcIOgKBMiOBP+eXiyT7jsgVCq1bkVygt00oASowB7EdtpOHaaPgKt812P9ab+DDKA==",
      "dev": true,
      "hasInstallScript": true,
      "optional": true,
      "os": [
        "darwin"
      ],
      "engines": {
        "node": "^8.16.0 || ^10.6.0 || >=11.0.0"
      }
    },
    "node_modules/has-flag": {
      "version": "4.0.0",
      "resolved": "https://registry.npmjs.org/has-flag/-/has-flag-4.0.0.tgz",
      "integrity": "sha512-EykJT/Q1KjTWctppgIAgfSO0tKVuZUjhgMr17kqTumMl6Afv3EISleU7qZUzoXDFTAHTDC4NOoG/ZxU3EvlMPQ==",
      "dev": true,
      "engines": {
        "node": ">=8"
      }
    },
    "node_modules/isarray": {
      "version": "0.0.1",
      "resolved": "https://registry.npmjs.org/isarray/-/isarray-0.0.1.tgz",
      "integrity": "sha1-ihis/Kmo9Bd+Cav8YDiTmwXR7t8=",
      "dev": true
    },
    "node_modules/js-cleanup": {
      "version": "1.2.0",
      "resolved": "https://registry.npmjs.org/js-cleanup/-/js-cleanup-1.2.0.tgz",
      "integrity": "sha512-JeDD0yiiSt80fXzAVa/crrS0JDPQljyBG/RpOtaSbyDq03VHa9szJWMaWOYU/bcTn412uMN2MxApXq8v79cUiQ==",
      "dev": true,
      "dependencies": {
        "magic-string": "^0.25.7",
        "perf-regexes": "^1.0.1",
        "skip-regex": "^1.0.2"
      },
      "engines": {
        "node": "^10.14.2 || >=12.0.0"
      }
    },
    "node_modules/just-extend": {
      "version": "4.2.1",
      "resolved": "https://registry.npmjs.org/just-extend/-/just-extend-4.2.1.tgz",
      "integrity": "sha512-g3UB796vUFIY90VIv/WX3L2c8CS2MdWUww3CNrYmqza1Fg0DURc2K/O4YrnklBdQarSJ/y8JnJYDGc+1iumQjg==",
      "dev": true
    },
    "node_modules/lodash.get": {
      "version": "4.4.2",
      "resolved": "https://registry.npmjs.org/lodash.get/-/lodash.get-4.4.2.tgz",
      "integrity": "sha1-LRd/ZS+jHpObRDjVNBSZ36OCXpk=",
      "dev": true
    },
    "node_modules/magic-string": {
      "version": "0.25.7",
      "resolved": "https://registry.npmjs.org/magic-string/-/magic-string-0.25.7.tgz",
      "integrity": "sha512-4CrMT5DOHTDk4HYDlzmwu4FVCcIYI8gauveasrdCu2IKIFOJ3f0v/8MDGJCDL9oD2ppz/Av1b0Nj345H9M+XIA==",
      "dev": true,
      "dependencies": {
        "sourcemap-codec": "^1.4.4"
      }
    },
    "node_modules/nise": {
      "version": "5.1.0",
      "resolved": "https://registry.npmjs.org/nise/-/nise-5.1.0.tgz",
      "integrity": "sha512-W5WlHu+wvo3PaKLsJJkgPup2LrsXCcm7AWwyNZkUnn5rwPkuPBi3Iwk5SQtN0mv+K65k7nKKjwNQ30wg3wLAQQ==",
      "dev": true,
      "dependencies": {
        "@sinonjs/commons": "^1.7.0",
        "@sinonjs/fake-timers": "^7.0.4",
        "@sinonjs/text-encoding": "^0.7.1",
        "just-extend": "^4.0.2",
        "path-to-regexp": "^1.7.0"
      }
    },
    "node_modules/nise/node_modules/@sinonjs/fake-timers": {
      "version": "7.1.2",
      "resolved": "https://registry.npmjs.org/@sinonjs/fake-timers/-/fake-timers-7.1.2.tgz",
      "integrity": "sha512-iQADsW4LBMISqZ6Ci1dupJL9pprqwcVFTcOsEmQOEhW+KLCVn/Y4Jrvg2k19fIHCp+iFprriYPTdRcQR8NbUPg==",
      "dev": true,
      "dependencies": {
        "@sinonjs/commons": "^1.7.0"
      }
    },
    "node_modules/path-to-regexp": {
      "version": "1.8.0",
      "resolved": "https://registry.npmjs.org/path-to-regexp/-/path-to-regexp-1.8.0.tgz",
      "integrity": "sha512-n43JRhlUKUAlibEJhPeir1ncUID16QnEjNpwzNdO3Lm4ywrBpBZ5oLD0I6br9evr1Y9JTqwRtAh7JLoOzAQdVA==",
      "dev": true,
      "dependencies": {
        "isarray": "0.0.1"
      }
    },
    "node_modules/perf-regexes": {
      "version": "1.0.1",
      "resolved": "https://registry.npmjs.org/perf-regexes/-/perf-regexes-1.0.1.tgz",
      "integrity": "sha512-L7MXxUDtqr4PUaLFCDCXBfGV/6KLIuSEccizDI7JxT+c9x1G1v04BQ4+4oag84SHaCdrBgQAIs/Cqn+flwFPng==",
      "dev": true,
      "engines": {
        "node": ">=6.14"
      }
    },
    "node_modules/rollup": {
      "version": "2.62.0",
      "resolved": "https://registry.npmjs.org/rollup/-/rollup-2.62.0.tgz",
      "integrity": "sha512-cJEQq2gwB0GWMD3rYImefQTSjrPYaC6s4J9pYqnstVLJ1CHa/aZNVkD4Epuvg4iLeMA4KRiq7UM7awKK6j7jcw==",
      "dev": true,
      "bin": {
        "rollup": "dist/bin/rollup"
      },
      "engines": {
        "node": ">=10.0.0"
      },
      "optionalDependencies": {
        "fsevents": "~2.3.2"
      }
    },
    "node_modules/rollup-plugin-cleanup": {
      "version": "3.2.1",
      "resolved": "https://registry.npmjs.org/rollup-plugin-cleanup/-/rollup-plugin-cleanup-3.2.1.tgz",
      "integrity": "sha512-zuv8EhoO3TpnrU8MX8W7YxSbO4gmOR0ny06Lm3nkFfq0IVKdBUtHwhVzY1OAJyNCIAdLiyPnOrU0KnO0Fri1GQ==",
      "dev": true,
      "dependencies": {
        "js-cleanup": "^1.2.0",
        "rollup-pluginutils": "^2.8.2"
      },
      "engines": {
        "node": "^10.14.2 || >=12.0.0"
      },
      "peerDependencies": {
        "rollup": ">=2.0"
      }
    },
    "node_modules/rollup-pluginutils": {
      "version": "2.8.2",
      "resolved": "https://registry.npmjs.org/rollup-pluginutils/-/rollup-pluginutils-2.8.2.tgz",
      "integrity": "sha512-EEp9NhnUkwY8aif6bxgovPHMoMoNr2FulJziTndpt5H9RdwC47GSGuII9XxpSdzVGM0GWrNPHV6ie1LTNJPaLQ==",
      "dev": true,
      "dependencies": {
        "estree-walker": "^0.6.1"
      }
    },
    "node_modules/sinon": {
      "version": "12.0.1",
      "resolved": "https://registry.npmjs.org/sinon/-/sinon-12.0.1.tgz",
      "integrity": "sha512-iGu29Xhym33ydkAT+aNQFBINakjq69kKO6ByPvTsm3yyIACfyQttRTP03aBP/I8GfhFmLzrnKwNNkr0ORb1udg==",
      "dev": true,
      "dependencies": {
        "@sinonjs/commons": "^1.8.3",
        "@sinonjs/fake-timers": "^8.1.0",
        "@sinonjs/samsam": "^6.0.2",
        "diff": "^5.0.0",
        "nise": "^5.1.0",
        "supports-color": "^7.2.0"
      },
      "funding": {
        "type": "opencollective",
        "url": "https://opencollective.com/sinon"
      }
    },
    "node_modules/skip-regex": {
      "version": "1.0.2",
      "resolved": "https://registry.npmjs.org/skip-regex/-/skip-regex-1.0.2.tgz",
      "integrity": "sha512-pEjMUbwJ5Pl/6Vn6FsamXHXItJXSRftcibixDmNCWbWhic0hzHrwkMZo0IZ7fMRH9KxcWDFSkzhccB4285PutA==",
      "dev": true,
      "engines": {
        "node": ">=4.2"
      }
    },
    "node_modules/sourcemap-codec": {
      "version": "1.4.8",
      "resolved": "https://registry.npmjs.org/sourcemap-codec/-/sourcemap-codec-1.4.8.tgz",
      "integrity": "sha512-9NykojV5Uih4lgo5So5dtw+f0JgJX30KCNI8gwhz2J9A15wD0Ml6tjHKwf6fTSa6fAdVBdZeNOs9eJ71qCk8vA==",
      "dev": true
    },
    "node_modules/supports-color": {
      "version": "7.2.0",
      "resolved": "https://registry.npmjs.org/supports-color/-/supports-color-7.2.0.tgz",
      "integrity": "sha512-qpCAvRl9stuOHveKsn7HncJRvv501qIacKzQlO/+Lwxc9+0q2wLyv4Dfvt80/DPn2pqOBsJdDiogXGR9+OvwRw==",
      "dev": true,
      "dependencies": {
        "has-flag": "^4.0.0"
      },
      "engines": {
        "node": ">=8"
      }
    },
    "node_modules/type-detect": {
      "version": "4.0.8",
      "resolved": "https://registry.npmjs.org/type-detect/-/type-detect-4.0.8.tgz",
      "integrity": "sha512-0fr/mIH1dlO+x7TlcMy+bIDqKPsw/70tVyeHW787goQjhmqaZe10uwLujubK9q9Lg6Fiho1KUKDYz0Z7k7g5/g==",
      "dev": true,
      "engines": {
        "node": ">=4"
      }
    }
  },
  "dependencies": {
    "@esm-bundle/chai": {
      "version": "4.3.4-fix.0",
      "resolved": "https://registry.npmjs.org/@esm-bundle/chai/-/chai-4.3.4-fix.0.tgz",
      "integrity": "sha512-26SKdM4uvDWlY8/OOOxSB1AqQWeBosCX3wRYUZO7enTAj03CtVxIiCimYVG2WpULcyV51qapK4qTovwkUr5Mlw==",
      "dev": true,
      "requires": {
        "@types/chai": "^4.2.12"
      }
    },
    "@sinonjs/commons": {
      "version": "1.8.3",
      "resolved": "https://registry.npmjs.org/@sinonjs/commons/-/commons-1.8.3.tgz",
      "integrity": "sha512-xkNcLAn/wZaX14RPlwizcKicDk9G3F8m2nU3L7Ukm5zBgTwiT0wsoFAHx9Jq56fJA1z/7uKGtCRu16sOUCLIHQ==",
      "dev": true,
      "requires": {
        "type-detect": "4.0.8"
      }
    },
    "@sinonjs/fake-timers": {
      "version": "8.1.0",
      "resolved": "https://registry.npmjs.org/@sinonjs/fake-timers/-/fake-timers-8.1.0.tgz",
      "integrity": "sha512-OAPJUAtgeINhh/TAlUID4QTs53Njm7xzddaVlEs/SXwgtiD1tW22zAB/W1wdqfrpmikgaWQ9Fw6Ws+hsiRm5Vg==",
      "dev": true,
      "requires": {
        "@sinonjs/commons": "^1.7.0"
      }
    },
    "@sinonjs/samsam": {
      "version": "6.0.2",
      "resolved": "https://registry.npmjs.org/@sinonjs/samsam/-/samsam-6.0.2.tgz",
      "integrity": "sha512-jxPRPp9n93ci7b8hMfJOFDPRLFYadN6FSpeROFTR4UNF4i5b+EK6m4QXPO46BDhFgRy1JuS87zAnFOzCUwMJcQ==",
      "dev": true,
      "requires": {
        "@sinonjs/commons": "^1.6.0",
        "lodash.get": "^4.4.2",
        "type-detect": "^4.0.8"
      }
    },
    "@sinonjs/text-encoding": {
      "version": "0.7.1",
      "resolved": "https://registry.npmjs.org/@sinonjs/text-encoding/-/text-encoding-0.7.1.tgz",
      "integrity": "sha512-+iTbntw2IZPb/anVDbypzfQa+ay64MW0Zo8aJ8gZPWMMK6/OubMVb6lUPMagqjOPnmtauXnFCACVl3O7ogjeqQ==",
      "dev": true
    },
    "@types/chai": {
      "version": "4.3.0",
      "resolved": "https://registry.npmjs.org/@types/chai/-/chai-4.3.0.tgz",
      "integrity": "sha512-/ceqdqeRraGolFTcfoXNiqjyQhZzbINDngeoAq9GoHa8PPK1yNzTaxWjA6BFWp5Ua9JpXEMSS4s5i9tS0hOJtw==",
      "dev": true
    },
    "diff": {
      "version": "5.0.0",
      "resolved": "https://registry.npmjs.org/diff/-/diff-5.0.0.tgz",
      "integrity": "sha512-/VTCrvm5Z0JGty/BWHljh+BAiw3IK+2j87NGMu8Nwc/f48WoDAC395uomO9ZD117ZOBaHmkX1oyLvkVM/aIT3w==",
      "dev": true
    },
    "estree-walker": {
      "version": "0.6.1",
      "resolved": "https://registry.npmjs.org/estree-walker/-/estree-walker-0.6.1.tgz",
      "integrity": "sha512-SqmZANLWS0mnatqbSfRP5g8OXZC12Fgg1IwNtLsyHDzJizORW4khDfjPqJZsemPWBB2uqykUah5YpQ6epsqC/w==",
      "dev": true
    },
    "fsevents": {
      "version": "2.3.2",
      "resolved": "https://registry.npmjs.org/fsevents/-/fsevents-2.3.2.tgz",
      "integrity": "sha512-xiqMQR4xAeHTuB9uWm+fFRcIOgKBMiOBP+eXiyT7jsgVCq1bkVygt00oASowB7EdtpOHaaPgKt812P9ab+DDKA==",
      "dev": true,
      "optional": true
    },
    "has-flag": {
      "version": "4.0.0",
      "resolved": "https://registry.npmjs.org/has-flag/-/has-flag-4.0.0.tgz",
      "integrity": "sha512-EykJT/Q1KjTWctppgIAgfSO0tKVuZUjhgMr17kqTumMl6Afv3EISleU7qZUzoXDFTAHTDC4NOoG/ZxU3EvlMPQ==",
      "dev": true
    },
    "isarray": {
      "version": "0.0.1",
      "resolved": "https://registry.npmjs.org/isarray/-/isarray-0.0.1.tgz",
      "integrity": "sha1-ihis/Kmo9Bd+Cav8YDiTmwXR7t8=",
      "dev": true
    },
    "js-cleanup": {
      "version": "1.2.0",
      "resolved": "https://registry.npmjs.org/js-cleanup/-/js-cleanup-1.2.0.tgz",
      "integrity": "sha512-JeDD0yiiSt80fXzAVa/crrS0JDPQljyBG/RpOtaSbyDq03VHa9szJWMaWOYU/bcTn412uMN2MxApXq8v79cUiQ==",
      "dev": true,
      "requires": {
        "magic-string": "^0.25.7",
        "perf-regexes": "^1.0.1",
        "skip-regex": "^1.0.2"
      }
    },
    "just-extend": {
      "version": "4.2.1",
      "resolved": "https://registry.npmjs.org/just-extend/-/just-extend-4.2.1.tgz",
      "integrity": "sha512-g3UB796vUFIY90VIv/WX3L2c8CS2MdWUww3CNrYmqza1Fg0DURc2K/O4YrnklBdQarSJ/y8JnJYDGc+1iumQjg==",
      "dev": true
    },
    "lodash.get": {
      "version": "4.4.2",
      "resolved": "https://registry.npmjs.org/lodash.get/-/lodash.get-4.4.2.tgz",
      "integrity": "sha1-LRd/ZS+jHpObRDjVNBSZ36OCXpk=",
      "dev": true
    },
    "magic-string": {
      "version": "0.25.7",
      "resolved": "https://registry.npmjs.org/magic-string/-/magic-string-0.25.7.tgz",
      "integrity": "sha512-4CrMT5DOHTDk4HYDlzmwu4FVCcIYI8gauveasrdCu2IKIFOJ3f0v/8MDGJCDL9oD2ppz/Av1b0Nj345H9M+XIA==",
      "dev": true,
      "requires": {
        "sourcemap-codec": "^1.4.4"
      }
    },
    "nise": {
      "version": "5.1.0",
      "resolved": "https://registry.npmjs.org/nise/-/nise-5.1.0.tgz",
      "integrity": "sha512-W5WlHu+wvo3PaKLsJJkgPup2LrsXCcm7AWwyNZkUnn5rwPkuPBi3Iwk5SQtN0mv+K65k7nKKjwNQ30wg3wLAQQ==",
      "dev": true,
      "requires": {
        "@sinonjs/commons": "^1.7.0",
        "@sinonjs/fake-timers": "^7.0.4",
        "@sinonjs/text-encoding": "^0.7.1",
        "just-extend": "^4.0.2",
        "path-to-regexp": "^1.7.0"
      },
      "dependencies": {
        "@sinonjs/fake-timers": {
          "version": "7.1.2",
          "resolved": "https://registry.npmjs.org/@sinonjs/fake-timers/-/fake-timers-7.1.2.tgz",
          "integrity": "sha512-iQADsW4LBMISqZ6Ci1dupJL9pprqwcVFTcOsEmQOEhW+KLCVn/Y4Jrvg2k19fIHCp+iFprriYPTdRcQR8NbUPg==",
          "dev": true,
          "requires": {
            "@sinonjs/commons": "^1.7.0"
          }
        }
      }
    },
    "path-to-regexp": {
      "version": "1.8.0",
      "resolved": "https://registry.npmjs.org/path-to-regexp/-/path-to-regexp-1.8.0.tgz",
      "integrity": "sha512-n43JRhlUKUAlibEJhPeir1ncUID16QnEjNpwzNdO3Lm4ywrBpBZ5oLD0I6br9evr1Y9JTqwRtAh7JLoOzAQdVA==",
      "dev": true,
      "requires": {
        "isarray": "0.0.1"
      }
    },
    "perf-regexes": {
      "version": "1.0.1",
      "resolved": "https://registry.npmjs.org/perf-regexes/-/perf-regexes-1.0.1.tgz",
      "integrity": "sha512-L7MXxUDtqr4PUaLFCDCXBfGV/6KLIuSEccizDI7JxT+c9x1G1v04BQ4+4oag84SHaCdrBgQAIs/Cqn+flwFPng==",
      "dev": true
    },
    "rollup": {
      "version": "2.62.0",
      "resolved": "https://registry.npmjs.org/rollup/-/rollup-2.62.0.tgz",
      "integrity": "sha512-cJEQq2gwB0GWMD3rYImefQTSjrPYaC6s4J9pYqnstVLJ1CHa/aZNVkD4Epuvg4iLeMA4KRiq7UM7awKK6j7jcw==",
      "dev": true,
      "requires": {
        "fsevents": "~2.3.2"
      }
    },
    "rollup-plugin-cleanup": {
      "version": "3.2.1",
      "resolved": "https://registry.npmjs.org/rollup-plugin-cleanup/-/rollup-plugin-cleanup-3.2.1.tgz",
      "integrity": "sha512-zuv8EhoO3TpnrU8MX8W7YxSbO4gmOR0ny06Lm3nkFfq0IVKdBUtHwhVzY1OAJyNCIAdLiyPnOrU0KnO0Fri1GQ==",
      "dev": true,
      "requires": {
        "js-cleanup": "^1.2.0",
        "rollup-pluginutils": "^2.8.2"
      }
    },
    "rollup-pluginutils": {
      "version": "2.8.2",
      "resolved": "https://registry.npmjs.org/rollup-pluginutils/-/rollup-pluginutils-2.8.2.tgz",
      "integrity": "sha512-EEp9NhnUkwY8aif6bxgovPHMoMoNr2FulJziTndpt5H9RdwC47GSGuII9XxpSdzVGM0GWrNPHV6ie1LTNJPaLQ==",
      "dev": true,
      "requires": {
        "estree-walker": "^0.6.1"
      }
    },
    "sinon": {
      "version": "12.0.1",
      "resolved": "https://registry.npmjs.org/sinon/-/sinon-12.0.1.tgz",
      "integrity": "sha512-iGu29Xhym33ydkAT+aNQFBINakjq69kKO6ByPvTsm3yyIACfyQttRTP03aBP/I8GfhFmLzrnKwNNkr0ORb1udg==",
      "dev": true,
      "requires": {
        "@sinonjs/commons": "^1.8.3",
        "@sinonjs/fake-timers": "^8.1.0",
        "@sinonjs/samsam": "^6.0.2",
        "diff": "^5.0.0",
        "nise": "^5.1.0",
        "supports-color": "^7.2.0"
      }
    },
    "skip-regex": {
      "version": "1.0.2",
      "resolved": "https://registry.npmjs.org/skip-regex/-/skip-regex-1.0.2.tgz",
      "integrity": "sha512-pEjMUbwJ5Pl/6Vn6FsamXHXItJXSRftcibixDmNCWbWhic0hzHrwkMZo0IZ7fMRH9KxcWDFSkzhccB4285PutA==",
      "dev": true
    },
    "sourcemap-codec": {
      "version": "1.4.8",
      "resolved": "https://registry.npmjs.org/sourcemap-codec/-/sourcemap-codec-1.4.8.tgz",
      "integrity": "sha512-9NykojV5Uih4lgo5So5dtw+f0JgJX30KCNI8gwhz2J9A15wD0Ml6tjHKwf6fTSa6fAdVBdZeNOs9eJ71qCk8vA==",
      "dev": true
    },
    "supports-color": {
      "version": "7.2.0",
      "resolved": "https://registry.npmjs.org/supports-color/-/supports-color-7.2.0.tgz",
      "integrity": "sha512-qpCAvRl9stuOHveKsn7HncJRvv501qIacKzQlO/+Lwxc9+0q2wLyv4Dfvt80/DPn2pqOBsJdDiogXGR9+OvwRw==",
      "dev": true,
      "requires": {
        "has-flag": "^4.0.0"
      }
    },
    "type-detect": {
      "version": "4.0.8",
      "resolved": "https://registry.npmjs.org/type-detect/-/type-detect-4.0.8.tgz",
      "integrity": "sha512-0fr/mIH1dlO+x7TlcMy+bIDqKPsw/70tVyeHW787goQjhmqaZe10uwLujubK9q9Lg6Fiho1KUKDYz0Z7k7g5/g==",
      "dev": true
    }
  }
}
